
Microsoft Visual Studio Solution File, Format Version 12.00
# Visual Studio Version 17
VisualStudioVersion = 17.5.002.0
MinimumVisualStudioVersion = 10.0.40219.1
Project("{9A19103F-16F7-4668-BE54-9A1E7A4F7556}") = "Sem1Task0", "Sem1Task0\Sem1Task0.csproj", "{54A7F42F-B18E-4C35-BCD1-5910CF42E52B}"
EndProject
Project("{9A19103F-16F7-4668-BE54-9A1E7A4F7556}") = "Sem1Task1", "Sem1Task1\Sem1Task1.csproj", "{FF8E7938-6DBD-4105-9E16-8EB85B62FF04}"
EndProject
Project("{9A19103F-16F7-4668-BE54-9A1E7A4F7556}") = "Sem1Task2", "Sem1Task2\Sem1Task2.csproj", "{7C0AB8B6-37C8-4CD4-B3CA-532359A69BBB}"
EndProject
Project("{9A19103F-16F7-4668-BE54-9A1E7A4F7556}") = "Sem1Task3", "Sem1Task3\Sem1Task3.csproj", "{B8E8689E-2435-4224-87CF-207CF11E69E6}"
EndProject
Project("{9A19103F-16F7-4668-BE54-9A1E7A4F7556}") = "Sem1Task4", "Sem1Task4\Sem1Task4.csproj", "{17FB6A31-1CE9-4757-B14C-347DDF634F1C}"
EndProject
Project("{9A19103F-16F7-4668-BE54-9A1E7A4F7556}") = "Sem1Task5", "Sem1Task5\Sem1Task5.csproj", "{15E0D82B-8854-43C3-A989-AB6C336BC21D}"
EndProject
Project("{9A19103F-16F7-4668-BE54-9A1E7A4F7556}") = "Sem1Task6", "Sem1Task6\Sem1Task6.csproj", "{74E97DB1-9372-4922-A653-E9AFE0D27049}"
EndProject
Project("{9A19103F-16F7-4668-BE54-9A1E7A4F7556}") = "Sem1Task7", "Sem1Task7\Sem1Task7.csproj", "{7B62E202-7FE9-45B9-B120-1F5852BE0DF4}"
EndProject
Project("{9A19103F-16F7-4668-BE54-9A1E7A4F7556}") = "Sem1Task8", "Sem1Task8\Sem1Task8.csproj", "{5A0DC77F-DE0A-48D1-A6B4-DF4B3A12DB37}"
EndProject
Project("{9A19103F-16F7-4668-BE54-9A1E7A4F7556}") = "Sem2Task10", "Sem2Task10\Sem2Task10.csproj", "{434B380C-A496-493B-B14A-B88809086AC6}"
EndProject
Project("{9A19103F-16F7-4668-BE54-9A1E7A4F7556}") = "Sem2Task11", "Sem2Task11\Sem2Task11.csproj", "{ECB53900-5E48-4E70-BEF7-3689E743A884}"
EndProject
Project("{9A19103F-16F7-4668-BE54-9A1E7A4F7556}") = "Sem2Task12", "Sem2Task12\Sem2Task12.csproj", "{FF718A4A-F8A3-4794-BC6C-842E8676FB0A}"
EndProject
Project("{9A19103F-16F7-4668-BE54-9A1E7A4F7556}") = "Sem2Task13", "Sem2Task13\Sem2Task13.csproj", "{8C2EECB9-6ABE-45AF-A8C4-3AB496677BF0}"
EndProject
Project("{9A19103F-16F7-4668-BE54-9A1E7A4F7556}") = "Sem2Task14", "Sem2Task14\Sem2Task14.csproj", "{FB61CEBC-CD17-4C17-A19C-B414686E89AD}"
EndProject
Project("{9A19103F-16F7-4668-BE54-9A1E7A4F7556}") = "Sem2Task16", "Sem2Task16\Sem2Task16.csproj", "{677D7689-6F36-4071-AEB1-049850D93953}"
EndProject
Project("{9A19103F-16F7-4668-BE54-9A1E7A4F7556}") = "Sem2Task9", "Sem2Task9\Sem2Task9.csproj", "{09E344CD-C387-4678-A39B-D366A6D63F6C}"
EndProject
Global
	GlobalSection(SolutionConfigurationPlatforms) = preSolution
		Debug|Any CPU = Debug|Any CPU
		Release|Any CPU = Release|Any CPU
	EndGlobalSection
	GlobalSection(ProjectConfigurationPlatforms) = postSolution
		{54A7F42F-B18E-4C35-BCD1-5910CF42E52B}.Debug|Any CPU.ActiveCfg = Debug|Any CPU
		{54A7F42F-B18E-4C35-BCD1-5910CF42E52B}.Debug|Any CPU.Build.0 = Debug|Any CPU
		{54A7F42F-B18E-4C35-BCD1-5910CF42E52B}.Release|Any CPU.ActiveCfg = Release|Any CPU
		{54A7F42F-B18E-4C35-BCD1-5910CF42E52B}.Release|Any CPU.Build.0 = Release|Any CPU
		{FF8E7938-6DBD-4105-9E16-8EB85B62FF04}.Debug|Any CPU.ActiveCfg = Debug|Any CPU
		{FF8E7938-6DBD-4105-9E16-8EB85B62FF04}.Debug|Any CPU.Build.0 = Debug|Any CPU
		{FF8E7938-6DBD-4105-9E16-8EB85B62FF04}.Release|Any CPU.ActiveCfg = Release|Any CPU
		{FF8E7938-6DBD-4105-9E16-8EB85B62FF04}.Release|Any CPU.Build.0 = Release|Any CPU
		{7C0AB8B6-37C8-4CD4-B3CA-532359A69BBB}.Debug|Any CPU.ActiveCfg = Debug|Any CPU
		{7C0AB8B6-37C8-4CD4-B3CA-532359A69BBB}.Debug|Any CPU.Build.0 = Debug|Any CPU
		{7C0AB8B6-37C8-4CD4-B3CA-532359A69BBB}.Release|Any CPU.ActiveCfg = Release|Any CPU
		{7C0AB8B6-37C8-4CD4-B3CA-532359A69BBB}.Release|Any CPU.Build.0 = Release|Any CPU
		{B8E8689E-2435-4224-87CF-207CF11E69E6}.Debug|Any CPU.ActiveCfg = Debug|Any CPU
		{B8E8689E-2435-4224-87CF-207CF11E69E6}.Debug|Any CPU.Build.0 = Debug|Any CPU
		{B8E8689E-2435-4224-87CF-207CF11E69E6}.Release|Any CPU.ActiveCfg = Release|Any CPU
		{B8E8689E-2435-4224-87CF-207CF11E69E6}.Release|Any CPU.Build.0 = Release|Any CPU
		{17FB6A31-1CE9-4757-B14C-347DDF634F1C}.Debug|Any CPU.ActiveCfg = Debug|Any CPU
		{17FB6A31-1CE9-4757-B14C-347DDF634F1C}.Debug|Any CPU.Build.0 = Debug|Any CPU
		{17FB6A31-1CE9-4757-B14C-347DDF634F1C}.Release|Any CPU.ActiveCfg = Release|Any CPU
		{17FB6A31-1CE9-4757-B14C-347DDF634F1C}.Release|Any CPU.Build.0 = Release|Any CPU
		{15E0D82B-8854-43C3-A989-AB6C336BC21D}.Debug|Any CPU.ActiveCfg = Debug|Any CPU
		{15E0D82B-8854-43C3-A989-AB6C336BC21D}.Debug|Any CPU.Build.0 = Debug|Any CPU
		{15E0D82B-8854-43C3-A989-AB6C336BC21D}.Release|Any CPU.ActiveCfg = Release|Any CPU
		{15E0D82B-8854-43C3-A989-AB6C336BC21D}.Release|Any CPU.Build.0 = Release|Any CPU
		{74E97DB1-9372-4922-A653-E9AFE0D27049}.Debug|Any CPU.ActiveCfg = Debug|Any CPU
		{74E97DB1-9372-4922-A653-E9AFE0D27049}.Debug|Any CPU.Build.0 = Debug|Any CPU
		{74E97DB1-9372-4922-A653-E9AFE0D27049}.Release|Any CPU.ActiveCfg = Release|Any CPU
		{74E97DB1-9372-4922-A653-E9AFE0D27049}.Release|Any CPU.Build.0 = Release|Any CPU
		{7B62E202-7FE9-45B9-B120-1F5852BE0DF4}.Debug|Any CPU.ActiveCfg = Debug|Any CPU
		{7B62E202-7FE9-45B9-B120-1F5852BE0DF4}.Debug|Any CPU.Build.0 = Debug|Any CPU
		{7B62E202-7FE9-45B9-B120-1F5852BE0DF4}.Release|Any CPU.ActiveCfg = Release|Any CPU
		{7B62E202-7FE9-45B9-B120-1F5852BE0DF4}.Release|Any CPU.Build.0 = Release|Any CPU
		{5A0DC77F-DE0A-48D1-A6B4-DF4B3A12DB37}.Debug|Any CPU.ActiveCfg = Debug|Any CPU
		{5A0DC77F-DE0A-48D1-A6B4-DF4B3A12DB37}.Debug|Any CPU.Build.0 = Debug|Any CPU
		{5A0DC77F-DE0A-48D1-A6B4-DF4B3A12DB37}.Release|Any CPU.ActiveCfg = Release|Any CPU
		{5A0DC77F-DE0A-48D1-A6B4-DF4B3A12DB37}.Release|Any CPU.Build.0 = Release|Any CPU
		{434B380C-A496-493B-B14A-B88809086AC6}.Debug|Any CPU.ActiveCfg = Debug|Any CPU
		{434B380C-A496-493B-B14A-B88809086AC6}.Debug|Any CPU.Build.0 = Debug|Any CPU
		{434B380C-A496-493B-B14A-B88809086AC6}.Release|Any CPU.ActiveCfg = Release|Any CPU
		{434B380C-A496-493B-B14A-B88809086AC6}.Release|Any CPU.Build.0 = Release|Any CPU
		{ECB53900-5E48-4E70-BEF7-3689E743A884}.Debug|Any CPU.ActiveCfg = Debug|Any CPU
		{ECB53900-5E48-4E70-BEF7-3689E743A884}.Debug|Any CPU.Build.0 = Debug|Any CPU
		{ECB53900-5E48-4E70-BEF7-3689E743A884}.Release|Any CPU.ActiveCfg = Release|Any CPU
		{ECB53900-5E48-4E70-BEF7-3689E743A884}.Release|Any CPU.Build.0 = Release|Any CPU
		{FF718A4A-F8A3-4794-BC6C-842E8676FB0A}.Debug|Any CPU.ActiveCfg = Debug|Any CPU
		{FF718A4A-F8A3-4794-BC6C-842E8676FB0A}.Debug|Any CPU.Build.0 = Debug|Any CPU
		{FF718A4A-F8A3-4794-BC6C-842E8676FB0A}.Release|Any CPU.ActiveCfg = Release|Any CPU
		{FF718A4A-F8A3-4794-BC6C-842E8676FB0A}.Release|Any CPU.Build.0 = Release|Any CPU
		{8C2EECB9-6ABE-45AF-A8C4-3AB496677BF0}.Debug|Any CPU.ActiveCfg = Debug|Any CPU
		{8C2EECB9-6ABE-45AF-A8C4-3AB496677BF0}.Debug|Any CPU.Build.0 = Debug|Any CPU
		{8C2EECB9-6ABE-45AF-A8C4-3AB496677BF0}.Release|Any CPU.ActiveCfg = Release|Any CPU
		{8C2EECB9-6ABE-45AF-A8C4-3AB496677BF0}.Release|Any CPU.Build.0 = Release|Any CPU
		{FB61CEBC-CD17-4C17-A19C-B414686E89AD}.Debug|Any CPU.ActiveCfg = Debug|Any CPU
		{FB61CEBC-CD17-4C17-A19C-B414686E89AD}.Debug|Any CPU.Build.0 = Debug|Any CPU
		{FB61CEBC-CD17-4C17-A19C-B414686E89AD}.Release|Any CPU.ActiveCfg = Release|Any CPU
		{FB61CEBC-CD17-4C17-A19C-B414686E89AD}.Release|Any CPU.Build.0 = Release|Any CPU
		{677D7689-6F36-4071-AEB1-049850D93953}.Debug|Any CPU.ActiveCfg = Debug|Any CPU
		{677D7689-6F36-4071-AEB1-049850D93953}.Debug|Any CPU.Build.0 = Debug|Any CPU
		{677D7689-6F36-4071-AEB1-049850D93953}.Release|Any CPU.ActiveCfg = Release|Any CPU
		{677D7689-6F36-4071-AEB1-049850D93953}.Release|Any CPU.Build.0 = Release|Any CPU
		{09E344CD-C387-4678-A39B-D366A6D63F6C}.Debug|Any CPU.ActiveCfg = Debug|Any CPU
		{09E344CD-C387-4678-A39B-D366A6D63F6C}.Debug|Any CPU.Build.0 = Debug|Any CPU
		{09E344CD-C387-4678-A39B-D366A6D63F6C}.Release|Any CPU.ActiveCfg = Release|Any CPU
		{09E344CD-C387-4678-A39B-D366A6D63F6C}.Release|Any CPU.Build.0 = Release|Any CPU
	EndGlobalSection
	GlobalSection(SolutionProperties) = preSolution
		HideSolutionNode = FALSE
	EndGlobalSection
	GlobalSection(ExtensibilityGlobals) = postSolution
		SolutionGuid = {391ECE80-F9C1-43D0-9008-E5661FC3336B}
	EndGlobalSection
EndGlobal
